
Microsoft Visual Studio Solution File, Format Version 12.00
# Visual Studio Version 16
VisualStudioVersion = 16.0.30011.22
MinimumVisualStudioVersion = 10.0.40219.1
Project("{9A19103F-16F7-4668-BE54-9A1E7A4F7556}") = "GenericTree", "GenericTree\GenericTree.csproj", "{41A6AAC7-B787-4516-82A4-2A6FAFD3119E}"
EndProject
Project("{9A19103F-16F7-4668-BE54-9A1E7A4F7556}") = "GenericVector", "genericVector\GenericVector\GenericVector.csproj", "{D9298DB7-C188-4D28-964E-75E5D2E7AFC5}"
EndProject
Project("{9A19103F-16F7-4668-BE54-9A1E7A4F7556}") = "Tests", "Tests\Tests.csproj", "{C3B29A35-C1AA-4660-B2F8-298CB1537EDD}"
EndProject
Global
	GlobalSection(SolutionConfigurationPlatforms) = preSolution
		Debug|Any CPU = Debug|Any CPU
		Release|Any CPU = Release|Any CPU
	EndGlobalSection
	GlobalSection(ProjectConfigurationPlatforms) = postSolution
		{41A6AAC7-B787-4516-82A4-2A6FAFD3119E}.Debug|Any CPU.ActiveCfg = Debug|Any CPU
		{41A6AAC7-B787-4516-82A4-2A6FAFD3119E}.Debug|Any CPU.Build.0 = Debug|Any CPU
		{41A6AAC7-B787-4516-82A4-2A6FAFD3119E}.Release|Any CPU.ActiveCfg = Release|Any CPU
		{41A6AAC7-B787-4516-82A4-2A6FAFD3119E}.Release|Any CPU.Build.0 = Release|Any CPU
		{D9298DB7-C188-4D28-964E-75E5D2E7AFC5}.Debug|Any CPU.ActiveCfg = Debug|Any CPU
		{D9298DB7-C188-4D28-964E-75E5D2E7AFC5}.Debug|Any CPU.Build.0 = Debug|Any CPU
		{D9298DB7-C188-4D28-964E-75E5D2E7AFC5}.Release|Any CPU.ActiveCfg = Release|Any CPU
		{D9298DB7-C188-4D28-964E-75E5D2E7AFC5}.Release|Any CPU.Build.0 = Release|Any CPU
		{C3B29A35-C1AA-4660-B2F8-298CB1537EDD}.Debug|Any CPU.ActiveCfg = Debug|Any CPU
		{C3B29A35-C1AA-4660-B2F8-298CB1537EDD}.Debug|Any CPU.Build.0 = Debug|Any CPU
		{C3B29A35-C1AA-4660-B2F8-298CB1537EDD}.Release|Any CPU.ActiveCfg = Release|Any CPU
		{C3B29A35-C1AA-4660-B2F8-298CB1537EDD}.Release|Any CPU.Build.0 = Release|Any CPU
	EndGlobalSection
	GlobalSection(SolutionProperties) = preSolution
		HideSolutionNode = FALSE
	EndGlobalSection
	GlobalSection(ExtensibilityGlobals) = postSolution
		SolutionGuid = {0BF05675-5930-405B-8976-5FDDBBA91397}
	EndGlobalSection
EndGlobal
